
Microsoft Visual Studio Solution File, Format Version 12.00
# Visual Studio Version 17
VisualStudioVersion = 17.11.35327.3
MinimumVisualStudioVersion = 10.0.40219.1
Project("{FAE04EC0-301F-11D3-BF4B-00C04F79EFBC}") = "ASSIGNMENT2_3_1", "ASSIGNMENT2_3_1.csproj", "{AFD4C415-5096-49E0-8202-198B96DC07BE}"
EndProject
Global
	GlobalSection(SolutionConfigurationPlatforms) = preSolution
		Debug|Any CPU = Debug|Any CPU
		Release|Any CPU = Release|Any CPU
	EndGlobalSection
	GlobalSection(ProjectConfigurationPlatforms) = postSolution
		{AFD4C415-5096-49E0-8202-198B96DC07BE}.Debug|Any CPU.ActiveCfg = Debug|Any CPU
		{AFD4C415-5096-49E0-8202-198B96DC07BE}.Debug|Any CPU.Build.0 = Debug|Any CPU
		{AFD4C415-5096-49E0-8202-198B96DC07BE}.Release|Any CPU.ActiveCfg = Release|Any CPU
		{AFD4C415-5096-49E0-8202-198B96DC07BE}.Release|Any CPU.Build.0 = Release|Any CPU
	EndGlobalSection
	GlobalSection(SolutionProperties) = preSolution
		HideSolutionNode = FALSE
	EndGlobalSection
	GlobalSection(ExtensibilityGlobals) = postSolution
		SolutionGuid = {ABD01637-CD45-4703-9B3E-FCBCDFF10644}
	EndGlobalSection
EndGlobal
